lockfileVersion: '9.0'

settings:
  autoInstallPeers: true
  excludeLinksFromLockfile: false

importers:

  .:
    dependencies:
      '@allmaps/render':
        specifier: 1.0.0-beta.83
        version: 1.0.0-beta.83
      maplibre-gl:
        specifier: 5.24.0
        version: 5.24.0
      react:
        specifier: 19.2.7
        version: 19.2.7
      react-dom:
        specifier: 19.2.7
        version: 19.2.7(react@19.2.7)
      remotion:
        specifier: 4.0.487
        version: 4.0.487(react-dom@19.2.7(react@19.2.7))(react@19.2.7)

packages:

  '@allmaps/annotation@1.0.0-beta.37':
    resolution: {integrity: sha512-KupGu59+pbwefd7x5Og3CzJiiMvot/DN7vkC7IXhOgCYMlMwMslq2mfRRyfQvFQ/FxZJqH152ZwPRz81M9XbGw==}

  '@allmaps/id@1.0.0-beta.38':
    resolution: {integrity: sha512-POedcGDJxqpxI9UicmQF5DxfzgsBFIT5ZyKyaJCJ6Kf9P6j6RX7iPhrUEpDG1HQGOQDbwIu7rwMWf8KjHhHh1g==}
    engines: {node: '>=v19.0.0'}

  '@allmaps/iiif-parser@1.0.0-beta.48':
    resolution: {integrity: sha512-4wjmhbmIqT8gjA9ukJWSzpIU0AhSN8pJHPcOpN2QjBUqJ6Qo262wlJML7iEwqWY4s7yR4TfqI6CASmscUHf4bg==}

  '@allmaps/project@1.0.0-beta.9':
    resolution: {integrity: sha512-IVmlvLCMIOKsfGO10Ul1lXrssvJyKzOcAF/3+U2RZXVQMRIC4nfpOGrgWZGrY36YaJI+pih6rvgS77+S1+QYOw==}

  '@allmaps/render@1.0.0-beta.83':
    resolution: {integrity: sha512-psSkzbA3Lld5fJ1ei5BCIDnWdqkHWwmnyjiySOFE50UUdUEwRmjevwSOyLF5D2UjmNPss0/VF5UYHtmhHDdPkg==}

  '@allmaps/stdlib@1.0.0-beta.41':
    resolution: {integrity: sha512-NCsH52fElzNB8Ui9A/+FZQrxzP+P1z8l/DMx8YtF/E10Z2WHHlgSD2vnbqas5FqH5MI/HX3XtJwfPslzD/aquA==}

  '@allmaps/tailwind@1.0.0-beta.21':
    resolution: {integrity: sha512-rDqyoiCKCnDPS5mHmM8RqB0kxQiD6hFSlUpAQsvJgZ+GFh8Oj2PMgWRml8V4SGupzVZZoEmenYNDKIdPsKjx/w==}

  '@allmaps/transform@1.0.0-beta.52':
    resolution: {integrity: sha512-ZgIEWJcBk07S652v+DtsJCVMZJSz7Sf4+nW+WeZIrfXRzO2hmyro7D7ZKFsFeyx3g5uuKy5tP8aLEk+WOTISJw==}

  '@allmaps/triangulate@1.0.0-beta.33':
    resolution: {integrity: sha512-J421DxpLLpRnilIJF7A4D63fr6VFNe1a9TBDUiHyNdOMkCJhrBHh8KsTXIe2JYTysVJwuHBox1fxPQZcGw8ovA==}

  '@allmaps/types@1.0.0-beta.23':
    resolution: {integrity: sha512-pRnkcXGBppzc190NY1NTVQ79qDdQquJFSiXdXOIfzY/UVvdfwDMH27g5Bf7Tnk/eTRrfa/UtoWguUv1vlKa/7A==}

  '@kninnug/constrainautor@4.1.0':
    resolution: {integrity: sha512-YEkGtzMewRxPRZuK1QmFDmELwaSL4LSLmc0WXTmpT8AqdcR/Ueu77fiJZ2lwOwXUX8aBJpHuy/e/06/Ve2dPNQ==}

  '@mapbox/jsonlint-lines-primitives@2.0.3':
    resolution: {integrity: sha512-0SElaV0uMxEnxzBhhX9WTuPyUeMsAN/SS0i16tjuba4/mio63MG9khjC1a0JAiPGXAwvwm4UfHJURCN7nyudQg==}
    engines: {node: '>= 22'}

  '@mapbox/point-geometry@1.1.0':
    resolution: {integrity: sha512-YGcBz1cg4ATXDCM/71L9xveh4dynfGmcLDqufR+nQQy3fKwsAZsWd/x4621/6uJaeB9mwOHE6hPeDgXz9uViUQ==}

  '@mapbox/tiny-sdf@2.2.0':
    resolution: {integrity: sha512-LVL4wgI9YAum5V+LNVQO6QgFBPw7/MIIY4XJPNsPDMrjEwcE+JfKk1LuIl8GnF197ejVdC9QdPaxrx5gfgdGXg==}

  '@mapbox/unitbezier@0.0.1':
    resolution: {integrity: sha512-nMkuDXFv60aBr9soUG5q+GvZYL+2KZHVvsqFCzqnkGEf46U2fvmytHaEVc1/YZbiLn8X+eR3QzX1+dwDO1lxlw==}

  '@mapbox/unitbezier@1.0.0':
    resolution: {integrity: sha512-fqd515fjBmANKGGsQ286E2Wvj/XvDFpGzwJxq4CI6jMQue6Oy04uCKp+JWKF00xRTmk6cEu1jPJ9p3xqH8YWqQ==}

  '@mapbox/vector-tile@2.0.5':
    resolution: {integrity: sha512-pXj8m7KTsqZt+1jsE0xIpGvqTSbblfkuEJL/NJmNePMtEwxO8V3XMDo9WMSfDeqHvCtBI9Lmt4mGcGR10zecmw==}

  '@mapbox/whoots-js@3.1.0':
    resolution: {integrity: sha512-Es6WcD0nO5l+2BOQS4uLfNPYQaNDfbot3X1XUoloz+x0mPDS3eeORZJl06HXjwBG1fOGwCRnzK88LMdxKRrd6Q==}
    engines: {node: '>=6.0.0'}

  '@maplibre/geojson-vt@6.1.1':
    resolution: {integrity: sha512-FVMOcmSP/yqol45t7StApEyTL5/vmqBCuFhH9n+fFuINenhaX+YgHHIt1yJ86S8kln3uJLcMvmEU2cfn6E2eCQ==}

  '@maplibre/maplibre-gl-style-spec@24.10.0':
    resolution: {integrity: sha512-lichxSiagMEBBrqHF0trtMQH9RKh+9jUlIJl0qW0QHvt2H/tbvUWdE+ZzI2Jd0/pT7j/iavLonlPu7EQ/ixTOw==}
    hasBin: true

  '@maplibre/mlt@1.1.12':
    resolution: {integrity: sha512-ZeK5w2TTeHOajcLaEQs1KZXw2V9wIKo1PmThlxlsHoXsQsYlBqLJzPOd6tJHRtGTChUY3DPPmjXRArYVvAbmZw==}

  '@maplibre/vt-pbf@4.3.2':
    resolution: {integrity: sha512-j6p0AdjvAR19Z3XaCysle7A4ZSo08tYOzxD0Y9NQylwPAkwJJeYub5b2eVucdeDh7erhv69DahoLOevDRERRUw==}

  '@turf/boolean-clockwise@7.3.5':
    resolution: {integrity: sha512-VpDIpTKBjH4oPbzx1ns18TWcosi+qCRtgU1HIJHLj4NWyLNr7TX86DvomCvZRPfsFxkYYgkFlqHBG1a29dcyqQ==}

  '@turf/clone@7.3.5':
    resolution: {integrity: sha512-qfIaHj3410QEcTpiCRnTzhq8YrUp2gWrUIPLBAEFykopNxJkq1du1VrRzvuAo36ap2UV7KppkS6wGNypbcxswQ==}

  '@turf/helpers@7.3.5':
    resolution: {integrity: sha512-E/NMGV5MwbjjP7AJXBtsanC3yY8N2MQ87IGdIgkB2ji5AtBpwnH4L3gEqpYN4RlCJJWbLbzO91BbKv2waUd0eg==}

  '@turf/invariant@7.3.5':
    resolution: {integrity: sha512-ZVIvsBvjr8lO7WxC5zYNjRsjSDvyGvWkJMjuWaJjTU8x+1tmfNnw3gDX/TI2Sit83gcRYLYkNo23lB/udqx/Hg==}

  '@turf/meta@7.3.5':
    resolution: {integrity: sha512-r+ohqxoyqeigFB0oFrQx/YEHIkOKqcKpCjvZkvZs7Tkv+IFco5MezAd2zd4rzK+0DfFgDP3KpJc7HqrYjvEjhg==}

  '@turf/rewind@7.3.5':
    resolution: {integrity: sha512-4AZdDh55JeCoKWLS5AC6MuXqAvoqSpj2WigtowtA3JIJ/1J4SclRrV6BGq/Xemwm5yKtRePHazBVUmG5uU75og==}

  '@types/geojson@7946.0.16':
    resolution: {integrity: sha512-6C8nqWur3j98U6+lXDfTUWIfgvZU+EumvpHKcYjujKH7woYyLj2sUmff0tRhrqM7BohUw7Pz3ZB1jj2gW9Fvmg==}

  '@types/lodash-es@4.17.12':
    resolution: {integrity: sha512-0NgftHUcV4v34VhXm8QBSftKVXtbkBG3ViCjs6+eJ5a6y6Mi/jiFGPc1sC7QK+9BFhWrURE3EOggmWaSxL9OzQ==}

  '@types/lodash@4.17.24':
    resolution: {integrity: sha512-gIW7lQLZbue7lRSWEFql49QJJWThrTFFeIMJdp3eH4tKoxm1OvEPg02rm4wCCSHS0cL3/Fizimb35b7k8atwsQ==}

  comlink@4.4.2:
    resolution: {integrity: sha512-OxGdvBmJuNKSCMO4NTl1L47VRp6xn2wG4F/2hYzB6tiCb709otOxtEYCSvK80PtjODfXXZu8ds+Nw5kVCjqd2g==}

  delaunator@5.1.0:
    resolution: {integrity: sha512-AGrQ4QSgssa1NGmWmLPqN5NY2KajF5MqxetNEO+o0n3ZwZZeTmt7bBnvzHWrmkZFxGgr4HdyFgelzgi06otLuQ==}

  earcut@3.2.3:
    resolution: {integrity: sha512-vnS4AVwp1KHAF13i1vp1/2D5evWy3k5u/iW/B81QVsUZtV8cv2tU0b2VNFlqvh4kYwrFMDdjPCfAmfyJW9y14Q==}

  gl-matrix@3.4.4:
    resolution: {integrity: sha512-latSnyDNt/8zYUB6VIJ6PCh2jBjJX6gnDsoCZ7LyW7GkqrD51EWwa9qCoGixj8YqBtETQK/xY7OmpTF8xz1DdQ==}

  hex-rgb@5.0.0:
    resolution: {integrity: sha512-NQO+lgVUCtHxZ792FodgW0zflK+ozS9X9dwGp9XvvmPlH7pyxd588cn24TD3rmPm/N0AIRXF10Otah8yKqGw4w==}
    engines: {node: '>=12'}

  is-any-array@3.0.0:
    resolution: {integrity: sha512-o4h+tylWykC4BD1vaejp6gDxoM13bwW8FGuNs4yIKpj8xbBJcRxJx8vZpq0dCr7ZDEfeKjmsi/euolKhX6f/ww==}

  json-stringify-pretty-compact@4.0.0:
    resolution: {integrity: sha512-3CNZ2DnrpByG9Nqj6Xo8vqbjT4F6N+tb4Gb28ESAZjYZ5yqvmc56J+/kuIwkaAMOyblTQhUW7PxMkUb8Q36N3Q==}

  kdbush@4.1.0:
    resolution: {integrity: sha512-e9vurzrXJQrFX6ckpHP3bvj5l+9CnYzkxDNnNQ1h2QTqdWsUAJgXiKdGNcOa1EY85dU8KbQ+z/FdQdB7P+9yfQ==}

  lodash-es@4.18.1:
    resolution: {integrity: sha512-J8xewKD/Gk22OZbhpOVSwcs60zhd95ESDwezOFuA3/099925PdHJ7OFHNTGtajL3AlZkykD32HykiMo+BIBI8A==}

  maplibre-gl@5.24.0:
    resolution: {integrity: sha512-ALyFxgtd5R+65UqZ/++lOqwWcC0SNho9c27fYSyLmG7AfnAul2o46F05aDJGPbFU57wos9dgcIySHs0Xe6ia3A==}
    engines: {node: '>=16.14.0', npm: '>=8.1.0'}

  mgrs@1.0.0:
    resolution: {integrity: sha512-awNbTOqCxK1DBGjalK3xqWIstBZgN6fxsMSiXLs9/spqWkF2pAhb2rrYCFSsr1/tT7PhcDGjZndG8SWYn0byYA==}

  minimist@1.2.8:
    resolution: {integrity: sha512-2yyAR8qBkN3YuheJanUpWC5U3bb5osDywNB8RzDVlDwDHbocAJveqqj1u8+SVD7jkWT4yvsHCpWqqWqAxb0zCA==}

  ml-array-max@2.0.0:
    resolution: {integrity: sha512-QQZ4kENwpWmyNb98UXRDFXrmtIXuXtt1+bSbda/2KA85+F+rrJP8hZk6QOkCQXM2Th9mUDYdq/PNByPdT9ID4A==}

  ml-array-min@2.0.0:
    resolution: {integrity: sha512-GRj6Ky6sW9vGL6yIjgsHmXZ9YgrdmcQ8nCxPqEGeKc6dkfYg1XDYxGFxADUjNuZyoCd5PUscWAS4N+cFaX6hFg==}

  ml-array-rescale@2.0.0:
    resolution: {integrity: sha512-2GGtKfSno94/kIloWGvpp/U5Q5vLvLrza+SAaGsLeo6Xj4mEbA6Gqx+oTfZFkxnd1grT2X007HfJNs3T5BsiVg==}

  ml-matrix@6.13.0:
    resolution: {integrity: sha512-QpV0UTUkglg6vPUgThKGBEtit2ac6habSoZ33bwI9rU0UHZLqw6G3ukTIE8zWiUF3sjK8YAlhx/o/b9layzH8A==}

  monotone-chain-convex-hull@1.1.0:
    resolution: {integrity: sha512-iZGaoO2qtqIWaAfscTtsH2LolE06U4JzTw8AgtjT/yzYIA0aoAHDdwBtsesnQXfVRvS375Wu0Y1+FqdI5Y22GA==}

  murmurhash-js@1.0.0:
    resolution: {integrity: sha512-TvmkNhkv8yct0SVBSy+o8wYzXjE4Zz3PCesbfs8HiCXXdcTuocApFv11UWlNFWKYsP2okqrhb7JNlSm9InBhIw==}

  pbf@4.0.2:
    resolution: {integrity: sha512-J0ajxARhZfpUEebxYs1vhMGMuLSXtBe1e+fFPDrf2uA2hgo+UshKfNUWOz92HJNz6/NFEXseQPddnHkTreWRqg==}
    hasBin: true

  pbf@5.1.2:
    resolution: {integrity: sha512-mnvGdvOrIvJOBGUEdGkrVXjN8E/VkIJCkf2eS1DH2yv82ORUlLttmDt0rWY38yYZmVwciZwBUvHM20qxBZf40w==}
    hasBin: true

  point-in-polygon-hao@1.2.4:
    resolution: {integrity: sha512-x2pcvXeqhRHlNRdhLs/tgFapAbSSe86wa/eqmj1G6pWftbEs5aVRJhRGM6FYSUERKu0PjekJzMq0gsI2XyiclQ==}

  potpack@2.1.0:
    resolution: {integrity: sha512-pcaShQc1Shq0y+E7GqJqvZj8DTthWV1KeHGdi0Z6IAin2Oi3JnLCOfwnCo84qc+HAp52wT9nK9H7FAJp5a44GQ==}

  proj4@2.20.9:
    resolution: {integrity: sha512-GLBGqXaTcdWnppre3o1sMmy4DcMGSGq/ng+9k2MTNddarRK6SveINqlqYzi3xEXuy06ljY1TTrC6H9C4f360IQ==}
    peerDependencies:
      geotiff: '*'
    peerDependenciesMeta:
      geotiff:
        optional: true

  protocol-buffers-schema@3.6.1:
    resolution: {integrity: sha512-VG2K63Igkiv9p76tk1lilczEK1cT+kCjKtkdhw1dQZV3k3IXJbd3o6Ho8b9zJZaHSnT2hKe4I+ObmX9w6m5SmQ==}

  quickselect@3.0.0:
    resolution: {integrity: sha512-XdjUArbK4Bm5fLLvlm5KpTFOiOThgfWWI4axAZDWg4E/0mKdZyI9tNEfds27qCi1ze/vwTR16kvmmGhRra3c2g==}

  rbush@4.0.1:
    resolution: {integrity: sha512-IP0UpfeWQujYC8Jg162rMNc01Rf0gWMMAb2Uxus/Q0qOFw4lCcq6ZnQEZwUoJqWyUGJ9th7JjwI4yIWo+uvoAQ==}

  react-dom@19.2.7:
    resolution: {integrity: sha512-t0BRVXvbiE/o20Hfw669rLbMCDWtYZLvmJigy2f0MxsXF+71pxhR3xOkspmsO8h3ZlNzyibAmtCa3l4lYKk6gQ==}
    peerDependencies:
      react: ^19.2.7

  react@19.2.7:
    resolution: {integrity: sha512-HNe9WslTbXmFK8o8cmwgAeJFSBvt1bPdHCVKtaaV+WlAN36mpT4hcRpwbf3fY56ar2oIXzsBpOAiIRHAdY0OlQ==}
    engines: {node: '>=0.10.0'}

  remotion@4.0.487:
    resolution: {integrity: sha512-nhLgHDDxlMhCRpuYI9+bTnqXcY0ui7ZjagXdITKc1j1+6o3myEi8QRCl9fFYlhtgNf0D5dJ5Dzl8pmYCK39KXg==}
    peerDependencies:
      react: '>=16.8.0'
      react-dom: '>=16.8.0'

  resolve-protobuf-schema@2.1.0:
    resolution: {integrity: sha512-kI5ffTiZWmJaS/huM8wZfEMer1eRd7oJQhDuxeCLe3t7N7mX3z94CN0xPxBQxFYQTSNz9T0i+v6inKqSdK8xrQ==}

  rgb-hex@4.1.0:
    resolution: {integrity: sha512-UZLM57BW09Yi9J1R3OP8B1yCbbDK3NT8BDtihGZkGkGEs2b6EaV85rsfJ6yK4F+8UbxFFmfA+9xHT5ZWhN1gDQ==}
    engines: {node: '>=12'}

  robust-predicates@3.0.3:
    resolution: {integrity: sha512-NS3levdsRIUOmiJ8FZWCP7LG3QpJyrs/TE0Zpf1yvZu8cAJJ6QMW92H1c7kWpdIHo8RvmLxN/o2JXTKHp74lUA==}

  scheduler@0.27.0:
    resolution: {integrity: sha512-eNv+WrVbKu1f3vbYJT/xtiF5syA5HPIMtf9IgY/nKg0sWqzAUEvqY/xm7OcZc/qafLx/iO9FgOmeSAp4v5ti/Q==}

  svg-parser@2.0.4:
    resolution: {integrity: sha512-e4hG1hRwoOdRb37cIMSgzNsxyzKfayW6VOflrwvR+/bzrkyxY/31WkbgnQpgtrNp1SdpJvpUAGTa/ZoiPNDuRQ==}

  tinyqueue@3.0.0:
    resolution: {integrity: sha512-gRa9gwYU3ECmQYv3lslts5hxuIa90veaEcxDYuu3QGOIAEM2mOZkVHp48ANJuu1CURtRdHKUBY5Lm1tHV+sD4g==}

  tslib@2.8.1:
    resolution: {integrity: sha512-oJFu94HQb+KVduSUQL7wnpmqnfmLsOA/nAh6b6EH0wCEoK0/mPeXU6c3wKDV83MkOuHPRHtSXKKU99IBazS/2w==}

  wkt-parser@1.5.5:
    resolution: {integrity: sha512-/zMYi94/7D7fxcOSlVmWn6vnOMj3Gq5d1xvVjaYOS9n6h0qOJ4I7YYVxBWYcH1vq9+suhqzXkn05Yx47zQNUIA==}

  zod@4.4.3:
    resolution: {integrity: sha512-ytENFjIJFl2UwYglde2jchW2Hwm4GJFLDiSXWdTrJQBIN9Fcyp7n4DhxJEiWNAJMV1/BqWfW/kkg71UDcHJyTQ==}

snapshots:

  '@allmaps/annotation@1.0.0-beta.37':
    dependencies:
      zod: 4.4.3

  '@allmaps/id@1.0.0-beta.38': {}

  '@allmaps/iiif-parser@1.0.0-beta.48':
    dependencies:
      zod: 4.4.3

  '@allmaps/project@1.0.0-beta.9':
    dependencies:
      '@allmaps/stdlib': 1.0.0-beta.41
      '@allmaps/transform': 1.0.0-beta.52
      proj4: 2.20.9
    transitivePeerDependencies:
      - geotiff

  '@allmaps/render@1.0.0-beta.83':
    dependencies:
      '@allmaps/annotation': 1.0.0-beta.37
      '@allmaps/id': 1.0.0-beta.38
      '@allmaps/iiif-parser': 1.0.0-beta.48
      '@allmaps/project': 1.0.0-beta.9
      '@allmaps/stdlib': 1.0.0-beta.41
      '@allmaps/tailwind': 1.0.0-beta.21
      '@allmaps/transform': 1.0.0-beta.52
      '@allmaps/triangulate': 1.0.0-beta.33
      '@allmaps/types': 1.0.0-beta.23
      comlink: 4.4.2
      lodash-es: 4.18.1
      point-in-polygon-hao: 1.2.4
      proj4: 2.20.9
      rbush: 4.0.1
    transitivePeerDependencies:
      - geotiff

  '@allmaps/stdlib@1.0.0-beta.41':
    dependencies:
      '@allmaps/annotation': 1.0.0-beta.37
      '@allmaps/iiif-parser': 1.0.0-beta.48
      '@turf/rewind': 7.3.5
      '@types/lodash-es': 4.17.12
      hex-rgb: 5.0.0
      lodash-es: 4.18.1
      monotone-chain-convex-hull: 1.1.0
      rgb-hex: 4.1.0
      svg-parser: 2.0.4

  '@allmaps/tailwind@1.0.0-beta.21': {}

  '@allmaps/transform@1.0.0-beta.52':
    dependencies:
      '@allmaps/stdlib': 1.0.0-beta.41
      ml-matrix: 6.13.0

  '@allmaps/triangulate@1.0.0-beta.33':
    dependencies:
      '@allmaps/stdlib': 1.0.0-beta.41
      '@allmaps/types': 1.0.0-beta.23
      '@kninnug/constrainautor': 4.1.0
      delaunator: 5.1.0
      kdbush: 4.1.0
      robust-predicates: 3.0.3

  '@allmaps/types@1.0.0-beta.23': {}

  '@kninnug/constrainautor@4.1.0':
    dependencies:
      robust-predicates: 3.0.3

  '@mapbox/jsonlint-lines-primitives@2.0.3': {}

  '@mapbox/point-geometry@1.1.0': {}

  '@mapbox/tiny-sdf@2.2.0': {}

  '@mapbox/unitbezier@0.0.1': {}

  '@mapbox/unitbezier@1.0.0': {}

  '@mapbox/vector-tile@2.0.5':
    dependencies:
      '@mapbox/point-geometry': 1.1.0
      '@types/geojson': 7946.0.16
      pbf: 4.0.2

  '@mapbox/whoots-js@3.1.0': {}

  '@maplibre/geojson-vt@6.1.1':
    dependencies:
      kdbush: 4.1.0

  '@maplibre/maplibre-gl-style-spec@24.10.0':
    dependencies:
      '@mapbox/jsonlint-lines-primitives': 2.0.3
      '@mapbox/unitbezier': 1.0.0
      json-stringify-pretty-compact: 4.0.0
      minimist: 1.2.8
      quickselect: 3.0.0
      tinyqueue: 3.0.0

  '@maplibre/mlt@1.1.12':
    dependencies:
      '@mapbox/point-geometry': 1.1.0

  '@maplibre/vt-pbf@4.3.2':
    dependencies:
      '@mapbox/point-geometry': 1.1.0
      '@types/geojson': 7946.0.16
      pbf: 5.1.2

  '@turf/boolean-clockwise@7.3.5':
    dependencies:
      '@turf/helpers': 7.3.5
      '@turf/invariant': 7.3.5
      '@types/geojson': 7946.0.16
      tslib: 2.8.1

  '@turf/clone@7.3.5':
    dependencies:
      '@turf/helpers': 7.3.5
      '@types/geojson': 7946.0.16
      tslib: 2.8.1

  '@turf/helpers@7.3.5':
    dependencies:
      '@types/geojson': 7946.0.16
      tslib: 2.8.1

  '@turf/invariant@7.3.5':
    dependencies:
      '@turf/helpers': 7.3.5
      '@types/geojson': 7946.0.16
      tslib: 2.8.1

  '@turf/meta@7.3.5':
    dependencies:
      '@turf/helpers': 7.3.5
      '@types/geojson': 7946.0.16
      tslib: 2.8.1

  '@turf/rewind@7.3.5':
    dependencies:
      '@turf/boolean-clockwise': 7.3.5
      '@turf/clone': 7.3.5
      '@turf/helpers': 7.3.5
      '@turf/invariant': 7.3.5
      '@turf/meta': 7.3.5
      '@types/geojson': 7946.0.16
      tslib: 2.8.1

  '@types/geojson@7946.0.16': {}

  '@types/lodash-es@4.17.12':
    dependencies:
      '@types/lodash': 4.17.24

  '@types/lodash@4.17.24': {}

  comlink@4.4.2: {}

  delaunator@5.1.0:
    dependencies:
      robust-predicates: 3.0.3

  earcut@3.2.3: {}

  gl-matrix@3.4.4: {}

  hex-rgb@5.0.0: {}

  is-any-array@3.0.0: {}

  json-stringify-pretty-compact@4.0.0: {}

  kdbush@4.1.0: {}

  lodash-es@4.18.1: {}

  maplibre-gl@5.24.0:
    dependencies:
      '@mapbox/jsonlint-lines-primitives': 2.0.3
      '@mapbox/point-geometry': 1.1.0
      '@mapbox/tiny-sdf': 2.2.0
      '@mapbox/unitbezier': 0.0.1
      '@mapbox/vector-tile': 2.0.5
      '@mapbox/whoots-js': 3.1.0
      '@maplibre/geojson-vt': 6.1.1
      '@maplibre/maplibre-gl-style-spec': 24.10.0
      '@maplibre/mlt': 1.1.12
      '@maplibre/vt-pbf': 4.3.2
      '@types/geojson': 7946.0.16
      earcut: 3.2.3
      gl-matrix: 3.4.4
      kdbush: 4.1.0
      murmurhash-js: 1.0.0
      pbf: 4.0.2
      potpack: 2.1.0
      quickselect: 3.0.0
      tinyqueue: 3.0.0

  mgrs@1.0.0: {}

  minimist@1.2.8: {}

  ml-array-max@2.0.0:
    dependencies:
      is-any-array: 3.0.0

  ml-array-min@2.0.0:
    dependencies:
      is-any-array: 3.0.0

  ml-array-rescale@2.0.0:
    dependencies:
      is-any-array: 3.0.0
      ml-array-max: 2.0.0
      ml-array-min: 2.0.0

  ml-matrix@6.13.0:
    dependencies:
      is-any-array: 3.0.0
      ml-array-rescale: 2.0.0

  monotone-chain-convex-hull@1.1.0: {}

  murmurhash-js@1.0.0: {}

  pbf@4.0.2:
    dependencies:
      resolve-protobuf-schema: 2.1.0

  pbf@5.1.2:
    dependencies:
      resolve-protobuf-schema: 2.1.0

  point-in-polygon-hao@1.2.4:
    dependencies:
      robust-predicates: 3.0.3

  potpack@2.1.0: {}

  proj4@2.20.9:
    dependencies:
      mgrs: 1.0.0
      wkt-parser: 1.5.5

  protocol-buffers-schema@3.6.1: {}

  quickselect@3.0.0: {}

  rbush@4.0.1:
    dependencies:
      quickselect: 3.0.0

  react-dom@19.2.7(react@19.2.7):
    dependencies:
      react: 19.2.7
      scheduler: 0.27.0

  react@19.2.7: {}

  remotion@4.0.487(react-dom@19.2.7(react@19.2.7))(react@19.2.7):
    dependencies:
      react: 19.2.7
      react-dom: 19.2.7(react@19.2.7)

  resolve-protobuf-schema@2.1.0:
    dependencies:
      protocol-buffers-schema: 3.6.1

  rgb-hex@4.1.0: {}

  robust-predicates@3.0.3: {}

  scheduler@0.27.0: {}

  svg-parser@2.0.4: {}

  tinyqueue@3.0.0: {}

  tslib@2.8.1: {}

  wkt-parser@1.5.5: {}

  zod@4.4.3: {}
